
Microsoft Visual Studio Solution File, Format Version 12.00
# Visual Studio Version 17
VisualStudioVersion = 17.10.35122.118
MinimumVisualStudioVersion = 10.0.40219.1
Project("{FAE04EC0-301F-11D3-BF4B-00C04F79EFBC}") = "Chaudhuri2020_ProblemsInvolvingSelection", "Chaudhuri2020_ProblemsInvolvingSelection\Chaudhuri2020_ProblemsInvolvingSelection.csproj", "{55E4F256-3E40-43D8-91ED-4700FCEFACC3}"
EndProject
Global
	GlobalSection(SolutionConfigurationPlatforms) = preSolution
		Debug|Any CPU = Debug|Any CPU
		Release|Any CPU = Release|Any CPU
	EndGlobalSection
	GlobalSection(ProjectConfigurationPlatforms) = postSolution
		{55E4F256-3E40-43D8-91ED-4700FCEFACC3}.Debug|Any CPU.ActiveCfg = Debug|Any CPU
		{55E4F256-3E40-43D8-91ED-4700FCEFACC3}.Debug|Any CPU.Build.0 = Debug|Any CPU
		{55E4F256-3E40-43D8-91ED-4700FCEFACC3}.Release|Any CPU.ActiveCfg = Release|Any CPU
		{55E4F256-3E40-43D8-91ED-4700FCEFACC3}.Release|Any CPU.Build.0 = Release|Any CPU
	EndGlobalSection
	GlobalSection(SolutionProperties) = preSolution
		HideSolutionNode = FALSE
	EndGlobalSection
	GlobalSection(ExtensibilityGlobals) = postSolution
		SolutionGuid = {7A6708ED-601B-4D0A-9640-1AC7F3E86D63}
	EndGlobalSection
EndGlobal
